// !$*UTF8*$!
{
	archiveVersion = 1;
	classes = {
	};
	objectVersion = 51;
	objects = {

/* Begin PBXBuildFile section */
		8B6DD8459E9BE41689155920 /* Pods_FitV.framework in Frameworks */ = {isa = PBXBuildFile; fileRef = 48F0AF61336E17B1095195AB /* Pods_FitV.framework */; };
		AA350432258F934B008D7472 /* ViewModel.swift in Sources */ = {isa = PBXBuildFile; fileRef = AA350431258F934B008D7472 /* ViewModel.swift */; };
		AA350436258F956C008D7472 /* Model.swift in Sources */ = {isa = PBXBuildFile; fileRef = AA350435258F956C008D7472 /* Model.swift */; };
		AA35043A258F959D008D7472 /* StateMahcine.swift in Sources */ = {isa = PBXBuildFile; fileRef = AA350439258F959D008D7472 /* StateMahcine.swift */; };
		AAA2D7C4258F9BB800647A17 /* SetUpViewController.swift in Sources */ = {isa = PBXBuildFile; fileRef = AAA2D7C3258F9BB800647A17 /* SetUpViewController.swift */; };
		AAE7304F258F925F00B5D3C8 /* AppDelegate.swift in Sources */ = {isa = PBXBuildFile; fileRef = AAE7304E258F925F00B5D3C8 /* AppDelegate.swift */; };
		AAE73051258F925F00B5D3C8 /* SceneDelegate.swift in Sources */ = {isa = PBXBuildFile; fileRef = AAE73050258F925F00B5D3C8 /* SceneDelegate.swift */; };
		AAE73053258F925F00B5D3C8 /* ViewController.swift in Sources */ = {isa = PBXBuildFile; fileRef = AAE73052258F925F00B5D3C8 /* ViewController.swift */; };
		AAE73056258F925F00B5D3C8 /* Main.storyboard in Resources */ = {isa = PBXBuildFile; fileRef = AAE73054258F925F00B5D3C8 /* Main.storyboard */; };
		AAE73058258F926000B5D3C8 /* Assets.xcassets in Resources */ = {isa = PBXBuildFile; fileRef = AAE73057258F926000B5D3C8 /* Assets.xcassets */; };
		AAE7305B258F926000B5D3C8 /* LaunchScreen.storyboard in Resources */ = {isa = PBXBuildFile; fileRef = AAE73059258F926000B5D3C8 /* LaunchScreen.storyboard */; };
/* End PBXBuildFile section */

/* Begin PBXFileReference section */
		1926A1481E2891AD22520A57 /* Pods-FitV.debug.xcconfig */ = {isa = PBXFileReference; includeInIndex = 1; lastKnownFileType = text.xcconfig; name = "Pods-FitV.debug.xcconfig"; path = "Target Support Files/Pods-FitV/Pods-FitV.debug.xcconfig"; sourceTree = "<group>"; };
		48F0AF61336E17B1095195AB /* Pods_FitV.framework */ = {isa = PBXFileReference; explicitFileType = wrapper.framework; includeInIndex = 0; path = Pods_FitV.framework; sourceTree = BUILT_PRODUCTS_DIR; };
		87AF9EFEBC22A38D8A06BEB0 /* Pods-FitV.release.xcconfig */ = {isa = PBXFileReference; includeInIndex = 1; lastKnownFileType = text.xcconfig; name = "Pods-FitV.release.xcconfig"; path = "Target Support Files/Pods-FitV/Pods-FitV.release.xcconfig"; sourceTree = "<group>"; };
		AA350431258F934B008D7472 /* ViewModel.swift */ = {isa = PBXFileReference; lastKnownFileType = sourcecode.swift; path = ViewModel.swift; sourceTree = "<group>"; };
		AA350435258F956C008D7472 /* Model.swift */ = {isa = PBXFileReference; lastKnownFileType = sourcecode.swift; path = Model.swift; sourceTree = "<group>"; };
		AA350439258F959D008D7472 /* StateMahcine.swift */ = {isa = PBXFileReference; lastKnownFileType = sourcecode.swift; path = StateMahcine.swift; sourceTree = "<group>"; };
		AAA2D7C3258F9BB800647A17 /* SetUpViewController.swift */ = {isa = PBXFileReference; lastKnownFileType = sourcecode.swift; path = SetUpViewController.swift; sourceTree = "<group>"; };
		AAE7304B258F925F00B5D3C8 /* FitV.app */ = {isa = PBXFileReference; explicitFileType = wrapper.application; includeInIndex = 0; path = FitV.app; sourceTree = BUILT_PRODUCTS_DIR; };
		AAE7304E258F925F00B5D3C8 /* AppDelegate.swift */ = {isa = PBXFileReference; lastKnownFileType = sourcecode.swift; path = AppDelegate.swift; sourceTree = "<group>"; };
		AAE73050258F925F00B5D3C8 /* SceneDelegate.swift */ = {isa = PBXFileReference; lastKnownFileType = sourcecode.swift; path = SceneDelegate.swift; sourceTree = "<group>"; };
		AAE73052258F925F00B5D3C8 /* ViewController.swift */ = {isa = PBXFileReference; lastKnownFileType = sourcecode.swift; path = ViewController.swift; sourceTree = "<group>"; };
		AAE73055258F925F00B5D3C8 /* Base */ = {isa = PBXFileReference; lastKnownFileType = file.storyboard; name = Base; path = Base.lproj/Main.storyboard; sourceTree = "<group>"; };
		AAE73057258F926000B5D3C8 /* Assets.xcassets */ = {isa = PBXFileReference; lastKnownFileType = folder.assetcatalog; path = Assets.xcassets; sourceTree = "<group>"; };
		AAE7305A258F926000B5D3C8 /* Base */ = {isa = PBXFileReference; lastKnownFileType = file.storyboard; name = Base; path = Base.lproj/LaunchScreen.storyboard; sourceTree = "<group>"; };
		AAE7305C258F926000B5D3C8 /* Info.plist */ = {isa = PBXFileReference; lastKnownFileType = text.plist.xml; path = Info.plist; sourceTree = "<group>"; };
/* End PBXFileReference section */

/* Begin PBXFrameworksBuildPhase section */
		AAE73048258F925F00B5D3C8 /* Frameworks */ = {
			isa = PBXFrameworksBuildPhase;
			buildActionMask = 2147483647;
			files = (
				8B6DD8459E9BE41689155920 /* Pods_FitV.framework in Frameworks */,
			);
			runOnlyForDeploymentPostprocessing = 0;
		};
/* End PBXFrameworksBuildPhase section */

/* Begin PBXGroup section */
		346C06D6E890A425828C09F5 /* Frameworks */ = {
			isa = PBXGroup;
			children = (
				48F0AF61336E17B1095195AB /* Pods_FitV.framework */,
			);
			name = Frameworks;
			sourceTree = "<group>";
		};
		AAE73042258F925F00B5D3C8 = {
			isa = PBXGroup;
			children = (
				AAE7304D258F925F00B5D3C8 /* FitV */,
				AAE7304C258F925F00B5D3C8 /* Products */,
				F1669E32955F91F1FCAE5EFB /* Pods */,
				346C06D6E890A425828C09F5 /* Frameworks */,
			);
			sourceTree = "<group>";
		};
		AAE7304C258F925F00B5D3C8 /* Products */ = {
			isa = PBXGroup;
			children = (
				AAE7304B258F925F00B5D3C8 /* FitV.app */,
			);
			name = Products;
			sourceTree = "<group>";
		};
		AAE7304D258F925F00B5D3C8 /* FitV */ = {
			isa = PBXGroup;
			children = (
				AAE7304E258F925F00B5D3C8 /* AppDelegate.swift */,
				AAE73050258F925F00B5D3C8 /* SceneDelegate.swift */,
				AA350435258F956C008D7472 /* Model.swift */,
				AAA2D7C3258F9BB800647A17 /* SetUpViewController.swift */,
				AAE73052258F925F00B5D3C8 /* ViewController.swift */,
				AA350431258F934B008D7472 /* ViewModel.swift */,
				AA350439258F959D008D7472 /* StateMahcine.swift */,
				AAE73054258F925F00B5D3C8 /* Main.storyboard */,
				AAE73057258F926000B5D3C8 /* Assets.xcassets */,
				AAE73059258F926000B5D3C8 /* LaunchScreen.storyboard */,
				AAE7305C258F926000B5D3C8 /* Info.plist */,
			);
			path = FitV;
			sourceTree = "<group>";
		};
		F1669E32955F91F1FCAE5EFB /* Pods */ = {
			isa = PBXGroup;
			children = (
				1926A1481E2891AD22520A57 /* Pods-FitV.debug.xcconfig */,
				87AF9EFEBC22A38D8A06BEB0 /* Pods-FitV.release.xcconfig */,
			);
			path = Pods;
			sourceTree = "<group>";
		};
/* End PBXGroup section */

/* Begin PBXNativeTarget section */
		AAE7304A258F925F00B5D3C8 /* FitV */ = {
			isa = PBXNativeTarget;
			buildConfigurationList = AAE7305F258F926000B5D3C8 /* Build configuration list for PBXNativeTarget "FitV" */;
			buildPhases = (
				91C3097CB77538BBDC95A206 /* [CP] Check Pods Manifest.lock */,
				AAE73047258F925F00B5D3C8 /* Sources */,
				AAE73048258F925F00B5D3C8 /* Frameworks */,
				AAE73049258F925F00B5D3C8 /* Resources */,
				2BC9B6C483BCC908DEC48803 /* [CP] Embed Pods Frameworks */,
			);
			buildRules = (
			);
			dependencies = (
			);
			name = FitV;
			productName = FitV;
			productReference = AAE7304B258F925F00B5D3C8 /* FitV.app */;
			productType = "com.apple.product-type.application";
		};
/* End PBXNativeTarget section */

/* Begin PBXProject section */
		AAE73043258F925F00B5D3C8 /* Project object */ = {
			isa = PBXProject;
			attributes = {
				LastSwiftUpdateCheck = 1230;
				LastUpgradeCheck = 1230;
				TargetAttributes = {
					AAE7304A258F925F00B5D3C8 = {
						CreatedOnToolsVersion = 12.3;
					};
				};
			};
			buildConfigurationList = AAE73046258F925F00B5D3C8 /* Build configuration list for PBXProject "FitV" */;
			compatibilityVersion = "Xcode 9.3";
			developmentRegion = en;
			hasScannedForEncodings = 0;
			knownRegions = (
				en,
				Base,
			);
			mainGroup = AAE73042258F925F00B5D3C8;
			productRefGroup = AAE7304C258F925F00B5D3C8 /* Products */;
			projectDirPath = "";
			projectRoot = "";
			targets = (
				AAE7304A258F925F00B5D3C8 /* FitV */,
			);
		};
/* End PBXProject section */

/* Begin PBXResourcesBuildPhase section */
		AAE73049258F925F00B5D3C8 /* Resources */ = {
			isa = PBXResourcesBuildPhase;
			buildActionMask = 2147483647;
			files = (
				AAE7305B258F926000B5D3C8 /* LaunchScreen.storyboard in Resources */,
				AAE73058258F926000B5D3C8 /* Assets.xcassets in Resources */,
				AAE73056258F925F00B5D3C8 /* Main.storyboard in Resources */,
			);
			runOnlyForDeploymentPostprocessing = 0;
		};
/* End PBXResourcesBuildPhase section */

/* Begin PBXShellScriptBuildPhase section */
		2BC9B6C483BCC908DEC48803 /* [CP] Embed Pods Frameworks */ = {
			isa = PBXShellScriptBuildPhase;
			buildActionMask = 2147483647;
			files = (
			);
			inputFileListPaths = (
				"${PODS_ROOT}/Target Support Files/Pods-FitV/Pods-FitV-frameworks-${CONFIGURATION}-input-files.xcfilelist",
			);
			name = "[CP] Embed Pods Frameworks";
			outputFileListPaths = (
				"${PODS_ROOT}/Target Support Files/Pods-FitV/Pods-FitV-frameworks-${CONFIGURATION}-output-files.xcfilelist",
			);
			runOnlyForDeploymentPostprocessing = 0;
			shellPath = /bin/sh;
			shellScript = "\"${PODS_ROOT}/Target Support Files/Pods-FitV/Pods-FitV-frameworks.sh\"\n";
			showEnvVarsInLog = 0;
		};
		91C3097CB77538BBDC95A206 /* [CP] Check Pods Manifest.lock */ = {
			isa = PBXShellScriptBuildPhase;
			buildActionMask = 2147483647;
			files = (
			);
			inputFileListPaths = (
			);
			inputPaths = (
				"${PODS_PODFILE_DIR_PATH}/Podfile.lock",
				"${PODS_ROOT}/Manifest.lock",
			);
			name = "[CP] Check Pods Manifest.lock";
			outputFileListPaths = (
			);
			outputPaths = (
				"$(DERIVED_FILE_DIR)/Pods-FitV-checkManifestLockResult.txt",
			);
			runOnlyForDeploymentPostprocessing = 0;
			shellPath = /bin/sh;
			shellScript = "diff \"${PODS_PODFILE_DIR_PATH}/Podfile.lock\" \"${PODS_ROOT}/Manifest.lock\" > /dev/null\nif [ $? != 0 ] ; then\n    # print error to STDERR\n    echo \"error: The sandbox is not in sync with the Podfile.lock. Run 'pod install' or update your CocoaPods installation.\" >&2\n    exit 1\nfi\n# This output is used by Xcode 'outputs' to avoid re-running this script phase.\necho \"SUCCESS\" > \"${SCRIPT_OUTPUT_FILE_0}\"\n";
			showEnvVarsInLog = 0;
		};
/* End PBXShellScriptBuildPhase section */

/* Begin PBXSourcesBuildPhase section */
		AAE73047258F925F00B5D3C8 /* Sources */ = {
			isa = PBXSourcesBuildPhase;
			buildActionMask = 2147483647;
			files = (
				AA350436258F956C008D7472 /* Model.swift in Sources */,
				AA35043A258F959D008D7472 /* StateMahcine.swift in Sources */,
				AAA2D7C4258F9BB800647A17 /* SetUpViewController.swift in Sources */,
				AAE73053258F925F00B5D3C8 /* ViewController.swift in Sources */,
				AAE7304F258F925F00B5D3C8 /* AppDelegate.swift in Sources */,
				AA350432258F934B008D7472 /* ViewModel.swift in Sources */,
				AAE73051258F925F00B5D3C8 /* SceneDelegate.swift in Sources */,
			);
			runOnlyForDeploymentPostprocessing = 0;
		};
/* End PBXSourcesBuildPhase section */

/* Begin PBXVariantGroup section */
		AAE73054258F925F00B5D3C8 /* Main.storyboard */ = {
			isa = PBXVariantGroup;
			children = (
				AAE73055258F925F00B5D3C8 /* Base */,
			);
			name = Main.storyboard;
			sourceTree = "<group>";
		};
		AAE73059258F926000B5D3C8 /* LaunchScreen.storyboard */ = {
			isa = PBXVariantGroup;
			children = (
				AAE7305A258F926000B5D3C8 /* Base */,
			);
			name = LaunchScreen.storyboard;
			sourceTree = "<group>";
		};
/* End PBXVariantGroup section */

/* Begin XCBuildConfiguration section */
		AAE7305D258F926000B5D3C8 /* Debug */ = {
			isa = XCBuildConfiguration;
			buildSettings = {
				ALWAYS_SEARCH_USER_PATHS = NO;
				CLANG_ANALYZER_NONNULL = YES;
				CLANG_ANALYZER_NUMBER_OBJECT_CONVERSION = YES_AGGRESSIVE;
				CLANG_CXX_LANGUAGE_STANDARD = "gnu++14";
				CLANG_CXX_LIBRARY = "libc++";
				CLANG_ENABLE_MODULES = YES;
				CLANG_ENABLE_OBJC_ARC = YES;
				CLANG_ENABLE_OBJC_WEAK = YES;
				CLANG_WARN_BLOCK_CAPTURE_AUTORELEASING = YES;
				CLANG_WARN_BOOL_CONVERSION = YES;
				CLANG_WARN_COMMA = YES;
				CLANG_WARN_CONSTANT_CONVERSION = YES;
				CLANG_WARN_DEPRECATED_OBJC_IMPLEMENTATIONS = YES;
				CLANG_WARN_DIRECT_OBJC_ISA_USAGE = YES_ERROR;
				CLANG_WARN_DOCUMENTATION_COMMENTS = YES;
				CLANG_WARN_EMPTY_BODY = YES;
				CLANG_WARN_ENUM_CONVERSION = YES;
				CLANG_WARN_INFINITE_RECURSION = YES;
				CLANG_WARN_INT_CONVERSION = YES;
				CLANG_WARN_NON_LITERAL_NULL_CONVERSION = YES;
				CLANG_WARN_OBJC_IMPLICIT_RETAIN_SELF = YES;
				CLANG_WARN_OBJC_LITERAL_CONVERSION = YES;
				CLANG_WARN_OBJC_ROOT_CLASS = YES_ERROR;
				CLANG_WARN_QUOTED_INCLUDE_IN_FRAMEWORK_HEADER = YES;
				CLANG_WARN_RANGE_LOOP_ANALYSIS = YES;
				CLANG_WARN_STRICT_PROTOTYPES = YES;
				CLANG_WARN_SUSPICIOUS_MOVE = YES;
				CLANG_WARN_UNGUARDED_AVAILABILITY = YES_AGGRESSIVE;
				CLANG_WARN_UNREACHABLE_CODE = YES;
				CLANG_WARN__DUPLICATE_METHOD_MATCH = YES;
				COPY_PHASE_STRIP = NO;
				DEBUG_INFORMATION_FORMAT = dwarf;
				ENABLE_STRICT_OBJC_MSGSEND = YES;
				ENABLE_TESTABILITY = YES;
				GCC_C_LANGUAGE_STANDARD = gnu11;
				GCC_DYNAMIC_NO_PIC = NO;
				GCC_NO_COMMON_BLOCKS = YES;
				GCC_OPTIMIZATION_LEVEL = 0;
				GCC_PREPROCESSOR_DEFINITIONS = (
					"DEBUG=1",
					"$(inherited)",
				);
				GCC_WARN_64_TO_32_BIT_CONVERSION = YES;
				GCC_WARN_ABOUT_RETURN_TYPE = YES_ERROR;
				GCC_WARN_UNDECLARED_SELECTOR = YES;
				GCC_WARN_UNINITIALIZED_AUTOS = YES_AGGRESSIVE;
				GCC_WARN_UNUSED_FUNCTION = YES;
				GCC_WARN_UNUSED_VARIABLE = YES;
				IPHONEOS_DEPLOYMENT_TARGET = 14.3;
				MTL_ENABLE_DEBUG_INFO = INCLUDE_SOURCE;
				MTL_FAST_MATH = YES;
				ONLY_ACTIVE_ARCH = YES;
				SDKROOT = iphoneos;
				SWIFT_ACTIVE_COMPILATION_CONDITIONS = DEBUG;
				SWIFT_OPTIMIZATION_LEVEL = "-Onone";
			};
			name = Debug;
		};
		AAE7305E258F926000B5D3C8 /* Release */ = {
			isa = XCBuildConfiguration;
			buildSettings = {
				ALWAYS_SEARCH_USER_PATHS = NO;
				CLANG_ANALYZER_NONNULL = YES;
				CLANG_ANALYZER_NUMBER_OBJECT_CONVERSION = YES_AGGRESSIVE;
				CLANG_CXX_LANGUAGE_STANDARD = "gnu++14";
				CLANG_CXX_LIBRARY = "libc++";
				CLANG_ENABLE_MODULES = YES;
				CLANG_ENABLE_OBJC_ARC = YES;
				CLANG_ENABLE_OBJC_WEAK = YES;
				CLANG_WARN_BLOCK_CAPTURE_AUTORELEASING = YES;
				CLANG_WARN_BOOL_CONVERSION = YES;
				CLANG_WARN_COMMA = YES;
				CLANG_WARN_CONSTANT_CONVERSION = YES;
				CLANG_WARN_DEPRECATED_OBJC_IMPLEMENTATIONS = YES;
				CLANG_WARN_DIRECT_OBJC_ISA_USAGE = YES_ERROR;
				CLANG_WARN_DOCUMENTATION_COMMENTS = YES;
				CLANG_WARN_EMPTY_BODY = YES;
				CLANG_WARN_ENUM_CONVERSION = YES;
				CLANG_WARN_INFINITE_RECURSION = YES;
				CLANG_WARN_INT_CONVERSION = YES;
				CLANG_WARN_NON_LITERAL_NULL_CONVERSION = YES;
				CLANG_WARN_OBJC_IMPLICIT_RETAIN_SELF = YES;
				CLANG_WARN_OBJC_LITERAL_CONVERSION = YES;
				CLANG_WARN_OBJC_ROOT_CLASS = YES_ERROR;
				CLANG_WARN_QUOTED_INCLUDE_IN_FRAMEWORK_HEADER = YES;
				CLANG_WARN_RANGE_LOOP_ANALYSIS = YES;
				CLANG_WARN_STRICT_PROTOTYPES = YES;
				CLANG_WARN_SUSPICIOUS_MOVE = YES;
				CLANG_WARN_UNGUARDED_AVAILABILITY = YES_AGGRESSIVE;
				CLANG_WARN_UNREACHABLE_CODE = YES;
				CLANG_WARN__DUPLICATE_METHOD_MATCH = YES;
				COPY_PHASE_STRIP = NO;
				DEBUG_INFORMATION_FORMAT = "dwarf-with-dsym";
				ENABLE_NS_ASSERTIONS = NO;
				ENABLE_STRICT_OBJC_MSGSEND = YES;
				GCC_C_LANGUAGE_STANDARD = gnu11;
				GCC_NO_COMMON_BLOCKS = YES;
				GCC_WARN_64_TO_32_BIT_CONVERSION = YES;
				GCC_WARN_ABOUT_RETURN_TYPE = YES_ERROR;
				GCC_WARN_UNDECLARED_SELECTOR = YES;
				GCC_WARN_UNINITIALIZED_AUTOS = YES_AGGRESSIVE;
				GCC_WARN_UNUSED_FUNCTION = YES;
				GCC_WARN_UNUSED_VARIABLE = YES;
				IPHONEOS_DEPLOYMENT_TARGET = 14.3;
				MTL_ENABLE_DEBUG_INFO = NO;
				MTL_FAST_MATH = YES;
				SDKROOT = iphoneos;
				SWIFT_COMPILATION_MODE = wholemodule;
				SWIFT_OPTIMIZATION_LEVEL = "-O";
				VALIDATE_PRODUCT = YES;
			};
			name = Release;
		};
		AAE73060258F926000B5D3C8 /* Debug */ = {
			isa = XCBuildConfiguration;
			baseConfigurationReference = 1926A1481E2891AD22520A57 /* Pods-FitV.debug.xcconfig */;
			buildSettings = {
				ASSETCATALOG_COMPILER_APPICON_NAME = AppIcon;
				ASSETCATALOG_COMPILER_GLOBAL_ACCENT_COLOR_NAME = AccentColor;
				CODE_SIGN_STYLE = Automatic;
				DEVELOPMENT_TEAM = SB7K72WBSV;
				INFOPLIST_FILE = FitV/Info.plist;
				LD_RUNPATH_SEARCH_PATHS = (
					"$(inherited)",
					"@executable_path/Frameworks",
				);
				PRODUCT_BUNDLE_IDENTIFIER = "Ethan-Halprin.FitV";
				PRODUCT_NAME = "$(TARGET_NAME)";
				SWIFT_VERSION = 5.0;
				TARGETED_DEVICE_FAMILY = "1,2";
			};
			name = Debug;
		};
		AAE73061258F926000B5D3C8 /* Release */ = {
			isa = XCBuildConfiguration;
			baseConfigurationReference = 87AF9EFEBC22A38D8A06BEB0 /* Pods-FitV.release.xcconfig */;
			buildSettings = {
				ASSETCATALOG_COMPILER_APPICON_NAME = AppIcon;
				ASSETCATALOG_COMPILER_GLOBAL_ACCENT_COLOR_NAME = AccentColor;
				CODE_SIGN_STYLE = Automatic;
				DEVELOPMENT_TEAM = SB7K72WBSV;
				INFOPLIST_FILE = FitV/Info.plist;
				LD_RUNPATH_SEARCH_PATHS = (
					"$(inherited)",
					"@executable_path/Frameworks",
				);
				PRODUCT_BUNDLE_IDENTIFIER = "Ethan-Halprin.FitV";
				PRODUCT_NAME = "$(TARGET_NAME)";
				SWIFT_VERSION = 5.0;
				TARGETED_DEVICE_FAMILY = "1,2";
			};
			name = Release;
		};
/* End XCBuildConfiguration section */

/* Begin XCConfigurationList section */
		AAE73046258F925F00B5D3C8 /* Build configuration list for PBXProject "FitV" */ = {
			isa = XCConfigurationList;
			buildConfigurations = (
				AAE7305D258F926000B5D3C8 /* Debug */,
				AAE7305E258F926000B5D3C8 /* Release */,
			);
			defaultConfigurationIsVisible = 0;
			defaultConfigurationName = Release;
		};
		AAE7305F258F926000B5D3C8 /* Build configuration list for PBXNativeTarget "FitV" */ = {
			isa = XCConfigurationList;
			buildConfigurations = (
				AAE73060258F926000B5D3C8 /* Debug */,
				AAE73061258F926000B5D3C8 /* Release */,
			);
			defaultConfigurationIsVisible = 0;
			defaultConfigurationName = Release;
		};
/* End XCConfigurationList section */
	};
	rootObject = AAE73043258F925F00B5D3C8 /* Project object */;
}
