// !$*UTF8*$!
{
	archiveVersion = 1;
	classes = {
	};
	objectVersion = 50;
	objects = {

/* Begin PBXBuildFile section */
		AA1D94802590C55A0002C5D6 /* CompleteViewController.swift in Sources */ = {isa = PBXBuildFile; fileRef = AA1D947F2590C55A0002C5D6 /* CompleteViewController.swift */; };
		AA1D94832590C8BB0002C5D6 /* StateDefs.swift in Sources */ = {isa = PBXBuildFile; fileRef = AA1D94822590C8BB0002C5D6 /* StateDefs.swift */; };
		AA8DEE592590F24500C658B0 /* SequenceCodesKeeper.swift in Sources */ = {isa = PBXBuildFile; fileRef = AA8DEE582590F24500C658B0 /* SequenceCodesKeeper.swift */; };
		AAA95922259142AA00E29C89 /* workout.gif in Resources */ = {isa = PBXBuildFile; fileRef = AAA95921259142AA00E29C89 /* workout.gif */; };
		AAC0D53C2590BA43006E12F3 /* ExercisesBundle.swift in Sources */ = {isa = PBXBuildFile; fileRef = AAC0D53B2590BA43006E12F3 /* ExercisesBundle.swift */; };
		AAC0D5412590BA52006E12F3 /* ExerciseViewController.swift in Sources */ = {isa = PBXBuildFile; fileRef = AAC0D53F2590BA52006E12F3 /* ExerciseViewController.swift */; };
		AAC0D5422590BA52006E12F3 /* SetUpViewController.swift in Sources */ = {isa = PBXBuildFile; fileRef = AAC0D5402590BA52006E12F3 /* SetUpViewController.swift */; };
		AAC0D54C2590BA5B006E12F3 /* StateMachine.swift in Sources */ = {isa = PBXBuildFile; fileRef = AAC0D5462590BA5B006E12F3 /* StateMachine.swift */; };
		AAC0D54D2590BA5B006E12F3 /* ResetupState.swift in Sources */ = {isa = PBXBuildFile; fileRef = AAC0D5482590BA5B006E12F3 /* ResetupState.swift */; };
		AAC0D54E2590BA5B006E12F3 /* ExerciseState.swift in Sources */ = {isa = PBXBuildFile; fileRef = AAC0D5492590BA5B006E12F3 /* ExerciseState.swift */; };
		AAC0D54F2590BA5B006E12F3 /* SetupState.swift in Sources */ = {isa = PBXBuildFile; fileRef = AAC0D54A2590BA5B006E12F3 /* SetupState.swift */; };
		AAC0D5502590BA5B006E12F3 /* ViewModel.swift in Sources */ = {isa = PBXBuildFile; fileRef = AAC0D54B2590BA5B006E12F3 /* ViewModel.swift */; };
		AAC0D5542590C027006E12F3 /* CompletedState.swift in Sources */ = {isa = PBXBuildFile; fileRef = AAC0D5532590C027006E12F3 /* CompletedState.swift */; };
		AAE7304F258F925F00B5D3C8 /* AppDelegate.swift in Sources */ = {isa = PBXBuildFile; fileRef = AAE7304E258F925F00B5D3C8 /* AppDelegate.swift */; };
		AAE73051258F925F00B5D3C8 /* SceneDelegate.swift in Sources */ = {isa = PBXBuildFile; fileRef = AAE73050258F925F00B5D3C8 /* SceneDelegate.swift */; };
		AAE73056258F925F00B5D3C8 /* Main.storyboard in Resources */ = {isa = PBXBuildFile; fileRef = AAE73054258F925F00B5D3C8 /* Main.storyboard */; };
		AAE73058258F926000B5D3C8 /* Assets.xcassets in Resources */ = {isa = PBXBuildFile; fileRef = AAE73057258F926000B5D3C8 /* Assets.xcassets */; };
		AAE7305B258F926000B5D3C8 /* LaunchScreen.storyboard in Resources */ = {isa = PBXBuildFile; fileRef = AAE73059258F926000B5D3C8 /* LaunchScreen.storyboard */; };
/* End PBXBuildFile section */

/* Begin PBXFileReference section */
		AA1D947F2590C55A0002C5D6 /* CompleteViewController.swift */ = {isa = PBXFileReference; lastKnownFileType = sourcecode.swift; path = CompleteViewController.swift; sourceTree = "<group>"; };
		AA1D94822590C8BB0002C5D6 /* StateDefs.swift */ = {isa = PBXFileReference; lastKnownFileType = sourcecode.swift; path = StateDefs.swift; sourceTree = "<group>"; };
		AA8DEE582590F24500C658B0 /* SequenceCodesKeeper.swift */ = {isa = PBXFileReference; lastKnownFileType = sourcecode.swift; path = SequenceCodesKeeper.swift; sourceTree = "<group>"; };
		AAA95921259142AA00E29C89 /* workout.gif */ = {isa = PBXFileReference; lastKnownFileType = image.gif; path = workout.gif; sourceTree = "<group>"; };
		AAC0D53B2590BA43006E12F3 /* ExercisesBundle.swift */ = {isa = PBXFileReference; fileEncoding = 4; lastKnownFileType = sourcecode.swift; path = ExercisesBundle.swift; sourceTree = "<group>"; };
		AAC0D53F2590BA52006E12F3 /* ExerciseViewController.swift */ = {isa = PBXFileReference; fileEncoding = 4; lastKnownFileType = sourcecode.swift; path = ExerciseViewController.swift; sourceTree = "<group>"; };
		AAC0D5402590BA52006E12F3 /* SetUpViewController.swift */ = {isa = PBXFileReference; fileEncoding = 4; lastKnownFileType = sourcecode.swift; path = SetUpViewController.swift; sourceTree = "<group>"; };
		AAC0D5462590BA5B006E12F3 /* StateMachine.swift */ = {isa = PBXFileReference; fileEncoding = 4; lastKnownFileType = sourcecode.swift; path = StateMachine.swift; sourceTree = "<group>"; };
		AAC0D5482590BA5B006E12F3 /* ResetupState.swift */ = {isa = PBXFileReference; fileEncoding = 4; lastKnownFileType = sourcecode.swift; path = ResetupState.swift; sourceTree = "<group>"; };
		AAC0D5492590BA5B006E12F3 /* ExerciseState.swift */ = {isa = PBXFileReference; fileEncoding = 4; lastKnownFileType = sourcecode.swift; path = ExerciseState.swift; sourceTree = "<group>"; };
		AAC0D54A2590BA5B006E12F3 /* SetupState.swift */ = {isa = PBXFileReference; fileEncoding = 4; lastKnownFileType = sourcecode.swift; path = SetupState.swift; sourceTree = "<group>"; };
		AAC0D54B2590BA5B006E12F3 /* ViewModel.swift */ = {isa = PBXFileReference; fileEncoding = 4; lastKnownFileType = sourcecode.swift; path = ViewModel.swift; sourceTree = "<group>"; };
		AAC0D5532590C027006E12F3 /* CompletedState.swift */ = {isa = PBXFileReference; lastKnownFileType = sourcecode.swift; path = CompletedState.swift; sourceTree = "<group>"; };
		AAE7304B258F925F00B5D3C8 /* FitV.app */ = {isa = PBXFileReference; explicitFileType = wrapper.application; includeInIndex = 0; path = FitV.app; sourceTree = BUILT_PRODUCTS_DIR; };
		AAE7304E258F925F00B5D3C8 /* AppDelegate.swift */ = {isa = PBXFileReference; lastKnownFileType = sourcecode.swift; path = AppDelegate.swift; sourceTree = "<group>"; };
		AAE73050258F925F00B5D3C8 /* SceneDelegate.swift */ = {isa = PBXFileReference; lastKnownFileType = sourcecode.swift; path = SceneDelegate.swift; sourceTree = "<group>"; };
		AAE73055258F925F00B5D3C8 /* Base */ = {isa = PBXFileReference; lastKnownFileType = file.storyboard; name = Base; path = Base.lproj/Main.storyboard; sourceTree = "<group>"; };
		AAE73057258F926000B5D3C8 /* Assets.xcassets */ = {isa = PBXFileReference; lastKnownFileType = folder.assetcatalog; path = Assets.xcassets; sourceTree = "<group>"; };
		AAE7305A258F926000B5D3C8 /* Base */ = {isa = PBXFileReference; lastKnownFileType = file.storyboard; name = Base; path = Base.lproj/LaunchScreen.storyboard; sourceTree = "<group>"; };
		AAE7305C258F926000B5D3C8 /* Info.plist */ = {isa = PBXFileReference; lastKnownFileType = text.plist.xml; path = Info.plist; sourceTree = "<group>"; };
/* End PBXFileReference section */

/* Begin PBXFrameworksBuildPhase section */
		AAE73048258F925F00B5D3C8 /* Frameworks */ = {
			isa = PBXFrameworksBuildPhase;
			buildActionMask = 2147483647;
			files = (
			);
			runOnlyForDeploymentPostprocessing = 0;
		};
/* End PBXFrameworksBuildPhase section */

/* Begin PBXGroup section */
		346C06D6E890A425828C09F5 /* Frameworks */ = {
			isa = PBXGroup;
			children = (
			);
			name = Frameworks;
			sourceTree = "<group>";
		};
		AAC0D53A2590BA43006E12F3 /* Model */ = {
			isa = PBXGroup;
			children = (
				AAC0D53B2590BA43006E12F3 /* ExercisesBundle.swift */,
			);
			path = Model;
			sourceTree = "<group>";
		};
		AAC0D53E2590BA52006E12F3 /* View */ = {
			isa = PBXGroup;
			children = (
				AAC0D53F2590BA52006E12F3 /* ExerciseViewController.swift */,
				AAC0D5402590BA52006E12F3 /* SetUpViewController.swift */,
				AA1D947F2590C55A0002C5D6 /* CompleteViewController.swift */,
			);
			path = View;
			sourceTree = "<group>";
		};
		AAC0D5442590BA5B006E12F3 /* ViewModel */ = {
			isa = PBXGroup;
			children = (
				AAC0D54B2590BA5B006E12F3 /* ViewModel.swift */,
				AA8DEE582590F24500C658B0 /* SequenceCodesKeeper.swift */,
				AAC0D5452590BA5B006E12F3 /* StateMachine */,
			);
			path = ViewModel;
			sourceTree = "<group>";
		};
		AAC0D5452590BA5B006E12F3 /* StateMachine */ = {
			isa = PBXGroup;
			children = (
				AAC0D5462590BA5B006E12F3 /* StateMachine.swift */,
				AA1D94822590C8BB0002C5D6 /* StateDefs.swift */,
				AAC0D5472590BA5B006E12F3 /* States */,
			);
			path = StateMachine;
			sourceTree = "<group>";
		};
		AAC0D5472590BA5B006E12F3 /* States */ = {
			isa = PBXGroup;
			children = (
				AAC0D54A2590BA5B006E12F3 /* SetupState.swift */,
				AAC0D5492590BA5B006E12F3 /* ExerciseState.swift */,
				AAC0D5482590BA5B006E12F3 /* ResetupState.swift */,
				AAC0D5532590C027006E12F3 /* CompletedState.swift */,
			);
			path = States;
			sourceTree = "<group>";
		};
		AAE73042258F925F00B5D3C8 = {
			isa = PBXGroup;
			children = (
				AAE7304D258F925F00B5D3C8 /* FitV */,
				AAE7304C258F925F00B5D3C8 /* Products */,
				346C06D6E890A425828C09F5 /* Frameworks */,
			);
			sourceTree = "<group>";
		};
		AAE7304C258F925F00B5D3C8 /* Products */ = {
			isa = PBXGroup;
			children = (
				AAE7304B258F925F00B5D3C8 /* FitV.app */,
			);
			name = Products;
			sourceTree = "<group>";
		};
		AAE7304D258F925F00B5D3C8 /* FitV */ = {
			isa = PBXGroup;
			children = (
				AAA95921259142AA00E29C89 /* workout.gif */,
				AAE7304E258F925F00B5D3C8 /* AppDelegate.swift */,
				AAE73050258F925F00B5D3C8 /* SceneDelegate.swift */,
				AAC0D53A2590BA43006E12F3 /* Model */,
				AAC0D53E2590BA52006E12F3 /* View */,
				AAC0D5442590BA5B006E12F3 /* ViewModel */,
				AAE73054258F925F00B5D3C8 /* Main.storyboard */,
				AAE73057258F926000B5D3C8 /* Assets.xcassets */,
				AAE73059258F926000B5D3C8 /* LaunchScreen.storyboard */,
				AAE7305C258F926000B5D3C8 /* Info.plist */,
			);
			path = FitV;
			sourceTree = "<group>";
		};
/* End PBXGroup section */

/* Begin PBXNativeTarget section */
		AAE7304A258F925F00B5D3C8 /* FitV */ = {
			isa = PBXNativeTarget;
			buildConfigurationList = AAE7305F258F926000B5D3C8 /* Build configuration list for PBXNativeTarget "FitV" */;
			buildPhases = (
				AAE73047258F925F00B5D3C8 /* Sources */,
				AAE73048258F925F00B5D3C8 /* Frameworks */,
				AAE73049258F925F00B5D3C8 /* Resources */,
			);
			buildRules = (
			);
			dependencies = (
			);
			name = FitV;
			productName = FitV;
			productReference = AAE7304B258F925F00B5D3C8 /* FitV.app */;
			productType = "com.apple.product-type.application";
		};
/* End PBXNativeTarget section */

/* Begin PBXProject section */
		AAE73043258F925F00B5D3C8 /* Project object */ = {
			isa = PBXProject;
			attributes = {
				LastSwiftUpdateCheck = 1230;
				LastUpgradeCheck = 1230;
				TargetAttributes = {
					AAE7304A258F925F00B5D3C8 = {
						CreatedOnToolsVersion = 12.3;
					};
				};
			};
			buildConfigurationList = AAE73046258F925F00B5D3C8 /* Build configuration list for PBXProject "FitV" */;
			compatibilityVersion = "Xcode 9.3";
			developmentRegion = en;
			hasScannedForEncodings = 0;
			knownRegions = (
				en,
				Base,
			);
			mainGroup = AAE73042258F925F00B5D3C8;
			productRefGroup = AAE7304C258F925F00B5D3C8 /* Products */;
			projectDirPath = "";
			projectRoot = "";
			targets = (
				AAE7304A258F925F00B5D3C8 /* FitV */,
			);
		};
/* End PBXProject section */

/* Begin PBXResourcesBuildPhase section */
		AAE73049258F925F00B5D3C8 /* Resources */ = {
			isa = PBXResourcesBuildPhase;
			buildActionMask = 2147483647;
			files = (
				AAE7305B258F926000B5D3C8 /* LaunchScreen.storyboard in Resources */,
				AAE73058258F926000B5D3C8 /* Assets.xcassets in Resources */,
				AAA95922259142AA00E29C89 /* workout.gif in Resources */,
				AAE73056258F925F00B5D3C8 /* Main.storyboard in Resources */,
			);
			runOnlyForDeploymentPostprocessing = 0;
		};
/* End PBXResourcesBuildPhase section */

/* Begin PBXSourcesBuildPhase section */
		AAE73047258F925F00B5D3C8 /* Sources */ = {
			isa = PBXSourcesBuildPhase;
			buildActionMask = 2147483647;
			files = (
				AAC0D5542590C027006E12F3 /* CompletedState.swift in Sources */,
				AA8DEE592590F24500C658B0 /* SequenceCodesKeeper.swift in Sources */,
				AAC0D5502590BA5B006E12F3 /* ViewModel.swift in Sources */,
				AAC0D53C2590BA43006E12F3 /* ExercisesBundle.swift in Sources */,
				AA1D94832590C8BB0002C5D6 /* StateDefs.swift in Sources */,
				AAC0D54C2590BA5B006E12F3 /* StateMachine.swift in Sources */,
				AAE7304F258F925F00B5D3C8 /* AppDelegate.swift in Sources */,
				AAC0D54F2590BA5B006E12F3 /* SetupState.swift in Sources */,
				AAC0D54D2590BA5B006E12F3 /* ResetupState.swift in Sources */,
				AAC0D5412590BA52006E12F3 /* ExerciseViewController.swift in Sources */,
				AAE73051258F925F00B5D3C8 /* SceneDelegate.swift in Sources */,
				AAC0D5422590BA52006E12F3 /* SetUpViewController.swift in Sources */,
				AAC0D54E2590BA5B006E12F3 /* ExerciseState.swift in Sources */,
				AA1D94802590C55A0002C5D6 /* CompleteViewController.swift in Sources */,
			);
			runOnlyForDeploymentPostprocessing = 0;
		};
/* End PBXSourcesBuildPhase section */

/* Begin PBXVariantGroup section */
		AAE73054258F925F00B5D3C8 /* Main.storyboard */ = {
			isa = PBXVariantGroup;
			children = (
				AAE73055258F925F00B5D3C8 /* Base */,
			);
			name = Main.storyboard;
			sourceTree = "<group>";
		};
		AAE73059258F926000B5D3C8 /* LaunchScreen.storyboard */ = {
			isa = PBXVariantGroup;
			children = (
				AAE7305A258F926000B5D3C8 /* Base */,
			);
			name = LaunchScreen.storyboard;
			sourceTree = "<group>";
		};
/* End PBXVariantGroup section */

/* Begin XCBuildConfiguration section */
		AAE7305D258F926000B5D3C8 /* Debug */ = {
			isa = XCBuildConfiguration;
			buildSettings = {
				ALWAYS_SEARCH_USER_PATHS = NO;
				CLANG_ANALYZER_NONNULL = YES;
				CLANG_ANALYZER_NUMBER_OBJECT_CONVERSION = YES_AGGRESSIVE;
				CLANG_CXX_LANGUAGE_STANDARD = "gnu++14";
				CLANG_CXX_LIBRARY = "libc++";
				CLANG_ENABLE_MODULES = YES;
				CLANG_ENABLE_OBJC_ARC = YES;
				CLANG_ENABLE_OBJC_WEAK = YES;
				CLANG_WARN_BLOCK_CAPTURE_AUTORELEASING = YES;
				CLANG_WARN_BOOL_CONVERSION = YES;
				CLANG_WARN_COMMA = YES;
				CLANG_WARN_CONSTANT_CONVERSION = YES;
				CLANG_WARN_DEPRECATED_OBJC_IMPLEMENTATIONS = YES;
				CLANG_WARN_DIRECT_OBJC_ISA_USAGE = YES_ERROR;
				CLANG_WARN_DOCUMENTATION_COMMENTS = YES;
				CLANG_WARN_EMPTY_BODY = YES;
				CLANG_WARN_ENUM_CONVERSION = YES;
				CLANG_WARN_INFINITE_RECURSION = YES;
				CLANG_WARN_INT_CONVERSION = YES;
				CLANG_WARN_NON_LITERAL_NULL_CONVERSION = YES;
				CLANG_WARN_OBJC_IMPLICIT_RETAIN_SELF = YES;
				CLANG_WARN_OBJC_LITERAL_CONVERSION = YES;
				CLANG_WARN_OBJC_ROOT_CLASS = YES_ERROR;
				CLANG_WARN_QUOTED_INCLUDE_IN_FRAMEWORK_HEADER = YES;
				CLANG_WARN_RANGE_LOOP_ANALYSIS = YES;
				CLANG_WARN_STRICT_PROTOTYPES = YES;
				CLANG_WARN_SUSPICIOUS_MOVE = YES;
				CLANG_WARN_UNGUARDED_AVAILABILITY = YES_AGGRESSIVE;
				CLANG_WARN_UNREACHABLE_CODE = YES;
				CLANG_WARN__DUPLICATE_METHOD_MATCH = YES;
				COPY_PHASE_STRIP = NO;
				DEBUG_INFORMATION_FORMAT = dwarf;
				ENABLE_STRICT_OBJC_MSGSEND = YES;
				ENABLE_TESTABILITY = YES;
				GCC_C_LANGUAGE_STANDARD = gnu11;
				GCC_DYNAMIC_NO_PIC = NO;
				GCC_NO_COMMON_BLOCKS = YES;
				GCC_OPTIMIZATION_LEVEL = 0;
				GCC_PREPROCESSOR_DEFINITIONS = (
					"DEBUG=1",
					"$(inherited)",
				);
				GCC_WARN_64_TO_32_BIT_CONVERSION = YES;
				GCC_WARN_ABOUT_RETURN_TYPE = YES_ERROR;
				GCC_WARN_UNDECLARED_SELECTOR = YES;
				GCC_WARN_UNINITIALIZED_AUTOS = YES_AGGRESSIVE;
				GCC_WARN_UNUSED_FUNCTION = YES;
				GCC_WARN_UNUSED_VARIABLE = YES;
				IPHONEOS_DEPLOYMENT_TARGET = 14.3;
				MTL_ENABLE_DEBUG_INFO = INCLUDE_SOURCE;
				MTL_FAST_MATH = YES;
				ONLY_ACTIVE_ARCH = YES;
				SDKROOT = iphoneos;
				SWIFT_ACTIVE_COMPILATION_CONDITIONS = DEBUG;
				SWIFT_OPTIMIZATION_LEVEL = "-Onone";
			};
			name = Debug;
		};
		AAE7305E258F926000B5D3C8 /* Release */ = {
			isa = XCBuildConfiguration;
			buildSettings = {
				ALWAYS_SEARCH_USER_PATHS = NO;
				CLANG_ANALYZER_NONNULL = YES;
				CLANG_ANALYZER_NUMBER_OBJECT_CONVERSION = YES_AGGRESSIVE;
				CLANG_CXX_LANGUAGE_STANDARD = "gnu++14";
				CLANG_CXX_LIBRARY = "libc++";
				CLANG_ENABLE_MODULES = YES;
				CLANG_ENABLE_OBJC_ARC = YES;
				CLANG_ENABLE_OBJC_WEAK = YES;
				CLANG_WARN_BLOCK_CAPTURE_AUTORELEASING = YES;
				CLANG_WARN_BOOL_CONVERSION = YES;
				CLANG_WARN_COMMA = YES;
				CLANG_WARN_CONSTANT_CONVERSION = YES;
				CLANG_WARN_DEPRECATED_OBJC_IMPLEMENTATIONS = YES;
				CLANG_WARN_DIRECT_OBJC_ISA_USAGE = YES_ERROR;
				CLANG_WARN_DOCUMENTATION_COMMENTS = YES;
				CLANG_WARN_EMPTY_BODY = YES;
				CLANG_WARN_ENUM_CONVERSION = YES;
				CLANG_WARN_INFINITE_RECURSION = YES;
				CLANG_WARN_INT_CONVERSION = YES;
				CLANG_WARN_NON_LITERAL_NULL_CONVERSION = YES;
				CLANG_WARN_OBJC_IMPLICIT_RETAIN_SELF = YES;
				CLANG_WARN_OBJC_LITERAL_CONVERSION = YES;
				CLANG_WARN_OBJC_ROOT_CLASS = YES_ERROR;
				CLANG_WARN_QUOTED_INCLUDE_IN_FRAMEWORK_HEADER = YES;
				CLANG_WARN_RANGE_LOOP_ANALYSIS = YES;
				CLANG_WARN_STRICT_PROTOTYPES = YES;
				CLANG_WARN_SUSPICIOUS_MOVE = YES;
				CLANG_WARN_UNGUARDED_AVAILABILITY = YES_AGGRESSIVE;
				CLANG_WARN_UNREACHABLE_CODE = YES;
				CLANG_WARN__DUPLICATE_METHOD_MATCH = YES;
				COPY_PHASE_STRIP = NO;
				DEBUG_INFORMATION_FORMAT = "dwarf-with-dsym";
				ENABLE_NS_ASSERTIONS = NO;
				ENABLE_STRICT_OBJC_MSGSEND = YES;
				GCC_C_LANGUAGE_STANDARD = gnu11;
				GCC_NO_COMMON_BLOCKS = YES;
				GCC_WARN_64_TO_32_BIT_CONVERSION = YES;
				GCC_WARN_ABOUT_RETURN_TYPE = YES_ERROR;
				GCC_WARN_UNDECLARED_SELECTOR = YES;
				GCC_WARN_UNINITIALIZED_AUTOS = YES_AGGRESSIVE;
				GCC_WARN_UNUSED_FUNCTION = YES;
				GCC_WARN_UNUSED_VARIABLE = YES;
				IPHONEOS_DEPLOYMENT_TARGET = 14.3;
				MTL_ENABLE_DEBUG_INFO = NO;
				MTL_FAST_MATH = YES;
				SDKROOT = iphoneos;
				SWIFT_COMPILATION_MODE = wholemodule;
				SWIFT_OPTIMIZATION_LEVEL = "-O";
				VALIDATE_PRODUCT = YES;
			};
			name = Release;
		};
		AAE73060258F926000B5D3C8 /* Debug */ = {
			isa = XCBuildConfiguration;
			buildSettings = {
				ASSETCATALOG_COMPILER_APPICON_NAME = AppIcon;
				ASSETCATALOG_COMPILER_GLOBAL_ACCENT_COLOR_NAME = AccentColor;
				CODE_SIGN_STYLE = Automatic;
				DEVELOPMENT_TEAM = SB7K72WBSV;
				INFOPLIST_FILE = FitV/Info.plist;
				LD_RUNPATH_SEARCH_PATHS = (
					"$(inherited)",
					"@executable_path/Frameworks",
				);
				PRODUCT_BUNDLE_IDENTIFIER = "Ethan-Halprin.FitV";
				PRODUCT_NAME = "$(TARGET_NAME)";
				SWIFT_VERSION = 5.0;
				TARGETED_DEVICE_FAMILY = "1,2";
			};
			name = Debug;
		};
		AAE73061258F926000B5D3C8 /* Release */ = {
			isa = XCBuildConfiguration;
			buildSettings = {
				ASSETCATALOG_COMPILER_APPICON_NAME = AppIcon;
				ASSETCATALOG_COMPILER_GLOBAL_ACCENT_COLOR_NAME = AccentColor;
				CODE_SIGN_STYLE = Automatic;
				DEVELOPMENT_TEAM = SB7K72WBSV;
				INFOPLIST_FILE = FitV/Info.plist;
				LD_RUNPATH_SEARCH_PATHS = (
					"$(inherited)",
					"@executable_path/Frameworks",
				);
				PRODUCT_BUNDLE_IDENTIFIER = "Ethan-Halprin.FitV";
				PRODUCT_NAME = "$(TARGET_NAME)";
				SWIFT_VERSION = 5.0;
				TARGETED_DEVICE_FAMILY = "1,2";
			};
			name = Release;
		};
/* End XCBuildConfiguration section */

/* Begin XCConfigurationList section */
		AAE73046258F925F00B5D3C8 /* Build configuration list for PBXProject "FitV" */ = {
			isa = XCConfigurationList;
			buildConfigurations = (
				AAE7305D258F926000B5D3C8 /* Debug */,
				AAE7305E258F926000B5D3C8 /* Release */,
			);
			defaultConfigurationIsVisible = 0;
			defaultConfigurationName = Release;
		};
		AAE7305F258F926000B5D3C8 /* Build configuration list for PBXNativeTarget "FitV" */ = {
			isa = XCConfigurationList;
			buildConfigurations = (
				AAE73060258F926000B5D3C8 /* Debug */,
				AAE73061258F926000B5D3C8 /* Release */,
			);
			defaultConfigurationIsVisible = 0;
			defaultConfigurationName = Release;
		};
/* End XCConfigurationList section */
	};
	rootObject = AAE73043258F925F00B5D3C8 /* Project object */;
}
